
Microsoft Visual Studio Solution File, Format Version 12.00
Project("{2150E333-8FDC-42A3-9474-1A3956D46DE8}") = "src", "src", "{5EF85F11-9E7F-4232-B853-1EC2219AD3B4}"
EndProject
Project("{2150E333-8FDC-42A3-9474-1A3956D46DE8}") = "test", "test", "{7F1BF84A-279F-4855-8939-EE543E89DE48}"
EndProject
Project("{2150E333-8FDC-42A3-9474-1A3956D46DE8}") = "Api", "Api", "{5B2D0A6A-090F-4C4C-9A6D-570FC03B7CBF}"
EndProject
Project("{2150E333-8FDC-42A3-9474-1A3956D46DE8}") = "Core", "Core", "{A2B7C5E5-96AB-438B-9C11-A5F65CC92086}"
EndProject
Project("{2150E333-8FDC-42A3-9474-1A3956D46DE8}") = "Infra", "Infra", "{396DFE42-D74A-42F8-934C-CF8AE4615D31}"
EndProject
Project("{2150E333-8FDC-42A3-9474-1A3956D46DE8}") = "UI", "UI", "{52BAF0AA-B837-488D-B7FA-47D788F30235}"
EndProject
Project("{FAE04EC0-301F-11D3-BF4B-00C04F79EFBC}") = "WeatherifyApi", "src\Api\WeatherifyApi\WeatherifyApi.csproj", "{4D190EFB-488A-44F5-AAC7-CA3517946557}"
EndProject
Project("{FAE04EC0-301F-11D3-BF4B-00C04F79EFBC}") = "Application", "src\Core\Application\Application.csproj", "{D6C4006E-D56F-465D-AA7E-DBC58330429E}"
EndProject
Project("{FAE04EC0-301F-11D3-BF4B-00C04F79EFBC}") = "Domain", "src\Core\Domain\Domain.csproj", "{7604552E-550E-4403-9570-012EE7A23624}"
EndProject
Project("{FAE04EC0-301F-11D3-BF4B-00C04F79EFBC}") = "Infrastructure", "src\Infra\Infrastructure\Infrastructure.csproj", "{0714EDCF-197C-4FC8-A16B-34A1922447D5}"
EndProject
Project("{FAE04EC0-301F-11D3-BF4B-00C04F79EFBC}") = "Persistence", "src\Infra\Persistence\Persistence.csproj", "{35253908-6ED8-44B2-B3C8-B21EA8723096}"
EndProject
Project("{FAE04EC0-301F-11D3-BF4B-00C04F79EFBC}") = "WeatherifyApp", "src\UI\WeatherifyApp\WeatherifyApp.csproj", "{CE0248A2-9A78-442A-A6DD-2E5A5E9EEDA9}"
EndProject
Project("{FAE04EC0-301F-11D3-BF4B-00C04F79EFBC}") = "InfrastructureTest", "test\InfrastructureTest\InfrastructureTest.csproj", "{97455BE4-0243-4657-82F8-74208AF306D8}"
EndProject
Project("{FAE04EC0-301F-11D3-BF4B-00C04F79EFBC}") = "Auth", "src\Infra\Auth\Auth.csproj", "{A0009702-F8BC-44D7-99E9-0ACD651B5016}"
EndProject
Global
	GlobalSection(SolutionConfigurationPlatforms) = preSolution
		Debug|Any CPU = Debug|Any CPU
		Release|Any CPU = Release|Any CPU
	EndGlobalSection
	GlobalSection(ProjectConfigurationPlatforms) = postSolution
		{4D190EFB-488A-44F5-AAC7-CA3517946557}.Debug|Any CPU.ActiveCfg = Debug|Any CPU
		{4D190EFB-488A-44F5-AAC7-CA3517946557}.Debug|Any CPU.Build.0 = Debug|Any CPU
		{4D190EFB-488A-44F5-AAC7-CA3517946557}.Release|Any CPU.ActiveCfg = Release|Any CPU
		{4D190EFB-488A-44F5-AAC7-CA3517946557}.Release|Any CPU.Build.0 = Release|Any CPU
		{D6C4006E-D56F-465D-AA7E-DBC58330429E}.Debug|Any CPU.ActiveCfg = Debug|Any CPU
		{D6C4006E-D56F-465D-AA7E-DBC58330429E}.Debug|Any CPU.Build.0 = Debug|Any CPU
		{D6C4006E-D56F-465D-AA7E-DBC58330429E}.Release|Any CPU.ActiveCfg = Release|Any CPU
		{D6C4006E-D56F-465D-AA7E-DBC58330429E}.Release|Any CPU.Build.0 = Release|Any CPU
		{7604552E-550E-4403-9570-012EE7A23624}.Debug|Any CPU.ActiveCfg = Debug|Any CPU
		{7604552E-550E-4403-9570-012EE7A23624}.Debug|Any CPU.Build.0 = Debug|Any CPU
		{7604552E-550E-4403-9570-012EE7A23624}.Release|Any CPU.ActiveCfg = Release|Any CPU
		{7604552E-550E-4403-9570-012EE7A23624}.Release|Any CPU.Build.0 = Release|Any CPU
		{0714EDCF-197C-4FC8-A16B-34A1922447D5}.Debug|Any CPU.ActiveCfg = Debug|Any CPU
		{0714EDCF-197C-4FC8-A16B-34A1922447D5}.Debug|Any CPU.Build.0 = Debug|Any CPU
		{0714EDCF-197C-4FC8-A16B-34A1922447D5}.Release|Any CPU.ActiveCfg = Release|Any CPU
		{0714EDCF-197C-4FC8-A16B-34A1922447D5}.Release|Any CPU.Build.0 = Release|Any CPU
		{35253908-6ED8-44B2-B3C8-B21EA8723096}.Debug|Any CPU.ActiveCfg = Debug|Any CPU
		{35253908-6ED8-44B2-B3C8-B21EA8723096}.Debug|Any CPU.Build.0 = Debug|Any CPU
		{35253908-6ED8-44B2-B3C8-B21EA8723096}.Release|Any CPU.ActiveCfg = Release|Any CPU
		{35253908-6ED8-44B2-B3C8-B21EA8723096}.Release|Any CPU.Build.0 = Release|Any CPU
		{CE0248A2-9A78-442A-A6DD-2E5A5E9EEDA9}.Debug|Any CPU.ActiveCfg = Debug|Any CPU
		{CE0248A2-9A78-442A-A6DD-2E5A5E9EEDA9}.Debug|Any CPU.Build.0 = Debug|Any CPU
		{CE0248A2-9A78-442A-A6DD-2E5A5E9EEDA9}.Release|Any CPU.ActiveCfg = Release|Any CPU
		{CE0248A2-9A78-442A-A6DD-2E5A5E9EEDA9}.Release|Any CPU.Build.0 = Release|Any CPU
		{97455BE4-0243-4657-82F8-74208AF306D8}.Debug|Any CPU.ActiveCfg = Debug|Any CPU
		{97455BE4-0243-4657-82F8-74208AF306D8}.Debug|Any CPU.Build.0 = Debug|Any CPU
		{97455BE4-0243-4657-82F8-74208AF306D8}.Release|Any CPU.ActiveCfg = Release|Any CPU
		{97455BE4-0243-4657-82F8-74208AF306D8}.Release|Any CPU.Build.0 = Release|Any CPU
		{A0009702-F8BC-44D7-99E9-0ACD651B5016}.Debug|Any CPU.ActiveCfg = Debug|Any CPU
		{A0009702-F8BC-44D7-99E9-0ACD651B5016}.Debug|Any CPU.Build.0 = Debug|Any CPU
		{A0009702-F8BC-44D7-99E9-0ACD651B5016}.Release|Any CPU.ActiveCfg = Release|Any CPU
		{A0009702-F8BC-44D7-99E9-0ACD651B5016}.Release|Any CPU.Build.0 = Release|Any CPU
	EndGlobalSection
	GlobalSection(NestedProjects) = preSolution
		{5B2D0A6A-090F-4C4C-9A6D-570FC03B7CBF} = {5EF85F11-9E7F-4232-B853-1EC2219AD3B4}
		{A2B7C5E5-96AB-438B-9C11-A5F65CC92086} = {5EF85F11-9E7F-4232-B853-1EC2219AD3B4}
		{396DFE42-D74A-42F8-934C-CF8AE4615D31} = {5EF85F11-9E7F-4232-B853-1EC2219AD3B4}
		{52BAF0AA-B837-488D-B7FA-47D788F30235} = {5EF85F11-9E7F-4232-B853-1EC2219AD3B4}
		{4D190EFB-488A-44F5-AAC7-CA3517946557} = {5B2D0A6A-090F-4C4C-9A6D-570FC03B7CBF}
		{D6C4006E-D56F-465D-AA7E-DBC58330429E} = {A2B7C5E5-96AB-438B-9C11-A5F65CC92086}
		{7604552E-550E-4403-9570-012EE7A23624} = {A2B7C5E5-96AB-438B-9C11-A5F65CC92086}
		{0714EDCF-197C-4FC8-A16B-34A1922447D5} = {396DFE42-D74A-42F8-934C-CF8AE4615D31}
		{35253908-6ED8-44B2-B3C8-B21EA8723096} = {396DFE42-D74A-42F8-934C-CF8AE4615D31}
		{CE0248A2-9A78-442A-A6DD-2E5A5E9EEDA9} = {52BAF0AA-B837-488D-B7FA-47D788F30235}
		{97455BE4-0243-4657-82F8-74208AF306D8} = {7F1BF84A-279F-4855-8939-EE543E89DE48}
		{A0009702-F8BC-44D7-99E9-0ACD651B5016} = {396DFE42-D74A-42F8-934C-CF8AE4615D31}
	EndGlobalSection
EndGlobal
